
Microsoft Visual Studio Solution File, Format Version 12.00
# Visual Studio Version 16
VisualStudioVersion = 16.0.30011.22
MinimumVisualStudioVersion = 10.0.40219.1
Project("{9A19103F-16F7-4668-BE54-9A1E7A4F7556}") = "lab6", "lab6.csproj", "{CFDA2DCC-2B50-4BAA-A43D-BA8C893BC608}"
EndProject
Global
	GlobalSection(SolutionConfigurationPlatforms) = preSolution
		Debug|Any CPU = Debug|Any CPU
		Release|Any CPU = Release|Any CPU
	EndGlobalSection
	GlobalSection(ProjectConfigurationPlatforms) = postSolution
		{CFDA2DCC-2B50-4BAA-A43D-BA8C893BC608}.Debug|Any CPU.ActiveCfg = Debug|Any CPU
		{CFDA2DCC-2B50-4BAA-A43D-BA8C893BC608}.Debug|Any CPU.Build.0 = Debug|Any CPU
		{CFDA2DCC-2B50-4BAA-A43D-BA8C893BC608}.Release|Any CPU.ActiveCfg = Release|Any CPU
		{CFDA2DCC-2B50-4BAA-A43D-BA8C893BC608}.Release|Any CPU.Build.0 = Release|Any CPU
	EndGlobalSection
	GlobalSection(SolutionProperties) = preSolution
		HideSolutionNode = FALSE
	EndGlobalSection
	GlobalSection(ExtensibilityGlobals) = postSolution
		SolutionGuid = {E1C77843-EFBE-4AAF-B7DC-54B4621AAB1A}
	EndGlobalSection
EndGlobal
